
Microsoft Visual Studio Solution File, Format Version 12.00
# Visual Studio Version 17
VisualStudioVersion = 17.10.35122.118
MinimumVisualStudioVersion = 10.0.40219.1
Project("{FAE04EC0-301F-11D3-BF4B-00C04F79EFBC}") = "ExcelBulkUploadApp", "ExcelBulkUploadApp.csproj", "{B91F0DFF-3A66-4FCA-8F2C-A8D5C5DD79C5}"
EndProject
Global
	GlobalSection(SolutionConfigurationPlatforms) = preSolution
		Debug|Any CPU = Debug|Any CPU
		Release|Any CPU = Release|Any CPU
	EndGlobalSection
	GlobalSection(ProjectConfigurationPlatforms) = postSolution
		{B91F0DFF-3A66-4FCA-8F2C-A8D5C5DD79C5}.Debug|Any CPU.ActiveCfg = Debug|Any CPU
		{B91F0DFF-3A66-4FCA-8F2C-A8D5C5DD79C5}.Debug|Any CPU.Build.0 = Debug|Any CPU
		{B91F0DFF-3A66-4FCA-8F2C-A8D5C5DD79C5}.Release|Any CPU.ActiveCfg = Release|Any CPU
		{B91F0DFF-3A66-4FCA-8F2C-A8D5C5DD79C5}.Release|Any CPU.Build.0 = Release|Any CPU
	EndGlobalSection
	GlobalSection(SolutionProperties) = preSolution
		HideSolutionNode = FALSE
	EndGlobalSection
	GlobalSection(ExtensibilityGlobals) = postSolution
		SolutionGuid = {9E66FA47-590C-4503-B527-C9A499C1E163}
	EndGlobalSection
EndGlobal
